
Microsoft Visual Studio Solution File, Format Version 12.00
# Visual Studio Version 17
VisualStudioVersion = 17.4.33103.184
MinimumVisualStudioVersion = 10.0.40219.1
Project("{FAE04EC0-301F-11D3-BF4B-00C04F79EFBC}") = "Interface", "Interface\Interface.csproj", "{66991270-4B09-45CC-BE7F-6748B4B83AF5}"
EndProject
Global
	GlobalSection(SolutionConfigurationPlatforms) = preSolution
		Debug|Any CPU = Debug|Any CPU
		Release|Any CPU = Release|Any CPU
	EndGlobalSection
	GlobalSection(ProjectConfigurationPlatforms) = postSolution
		{66991270-4B09-45CC-BE7F-6748B4B83AF5}.Debug|Any CPU.ActiveCfg = Debug|Any CPU
		{66991270-4B09-45CC-BE7F-6748B4B83AF5}.Debug|Any CPU.Build.0 = Debug|Any CPU
		{66991270-4B09-45CC-BE7F-6748B4B83AF5}.Release|Any CPU.ActiveCfg = Release|Any CPU
		{66991270-4B09-45CC-BE7F-6748B4B83AF5}.Release|Any CPU.Build.0 = Release|Any CPU
	EndGlobalSection
	GlobalSection(SolutionProperties) = preSolution
		HideSolutionNode = FALSE
	EndGlobalSection
	GlobalSection(ExtensibilityGlobals) = postSolution
		SolutionGuid = {EEFB5950-B3D3-4CEF-AE21-E85E6C668DD8}
	EndGlobalSection
EndGlobal
