
Microsoft Visual Studio Solution File, Format Version 12.00
# Visual Studio Version 17
VisualStudioVersion = 17.4.33103.184
MinimumVisualStudioVersion = 10.0.40219.1
Project("{FAE04EC0-301F-11D3-BF4B-00C04F79EFBC}") = "FuncActionPredication", "FuncActionPredication\FuncActionPredication.csproj", "{3E82DA66-B0DB-4949-9F16-1A55206D4AF1}"
EndProject
Global
	GlobalSection(SolutionConfigurationPlatforms) = preSolution
		Debug|Any CPU = Debug|Any CPU
		Release|Any CPU = Release|Any CPU
	EndGlobalSection
	GlobalSection(ProjectConfigurationPlatforms) = postSolution
		{3E82DA66-B0DB-4949-9F16-1A55206D4AF1}.Debug|Any CPU.ActiveCfg = Debug|Any CPU
		{3E82DA66-B0DB-4949-9F16-1A55206D4AF1}.Debug|Any CPU.Build.0 = Debug|Any CPU
		{3E82DA66-B0DB-4949-9F16-1A55206D4AF1}.Release|Any CPU.ActiveCfg = Release|Any CPU
		{3E82DA66-B0DB-4949-9F16-1A55206D4AF1}.Release|Any CPU.Build.0 = Release|Any CPU
	EndGlobalSection
	GlobalSection(SolutionProperties) = preSolution
		HideSolutionNode = FALSE
	EndGlobalSection
	GlobalSection(ExtensibilityGlobals) = postSolution
		SolutionGuid = {EE759266-118B-424A-A0DF-3D2FD5F47616}
	EndGlobalSection
EndGlobal
