
Microsoft Visual Studio Solution File, Format Version 12.00
# Visual Studio Version 17
VisualStudioVersion = 17.4.33103.184
MinimumVisualStudioVersion = 10.0.40219.1
Project("{FAE04EC0-301F-11D3-BF4B-00C04F79EFBC}") = "FileMatrix", "FileMatrix\FileMatrix.csproj", "{00F4E8E7-F64E-48AA-83C6-03CEE644754B}"
EndProject
Global
	GlobalSection(SolutionConfigurationPlatforms) = preSolution
		Debug|Any CPU = Debug|Any CPU
		Release|Any CPU = Release|Any CPU
	EndGlobalSection
	GlobalSection(ProjectConfigurationPlatforms) = postSolution
		{00F4E8E7-F64E-48AA-83C6-03CEE644754B}.Debug|Any CPU.ActiveCfg = Debug|Any CPU
		{00F4E8E7-F64E-48AA-83C6-03CEE644754B}.Debug|Any CPU.Build.0 = Debug|Any CPU
		{00F4E8E7-F64E-48AA-83C6-03CEE644754B}.Release|Any CPU.ActiveCfg = Release|Any CPU
		{00F4E8E7-F64E-48AA-83C6-03CEE644754B}.Release|Any CPU.Build.0 = Release|Any CPU
	EndGlobalSection
	GlobalSection(SolutionProperties) = preSolution
		HideSolutionNode = FALSE
	EndGlobalSection
	GlobalSection(ExtensibilityGlobals) = postSolution
		SolutionGuid = {1EDC7E53-2B66-4B15-B1A4-9CD65303F7AE}
	EndGlobalSection
EndGlobal
