
Microsoft Visual Studio Solution File, Format Version 12.00
# Visual Studio Version 17
VisualStudioVersion = 17.4.33103.184
MinimumVisualStudioVersion = 10.0.40219.1
Project("{FAE04EC0-301F-11D3-BF4B-00C04F79EFBC}") = "TheStudentEnrollmentAPI", "TheStudentEnrollmentAPI\TheStudentEnrollmentAPI.csproj", "{445EF4DB-3A85-41F8-91D7-0F4C0B2E6F32}"
EndProject
Global
	GlobalSection(SolutionConfigurationPlatforms) = preSolution
		Debug|Any CPU = Debug|Any CPU
		Release|Any CPU = Release|Any CPU
	EndGlobalSection
	GlobalSection(ProjectConfigurationPlatforms) = postSolution
		{445EF4DB-3A85-41F8-91D7-0F4C0B2E6F32}.Debug|Any CPU.ActiveCfg = Debug|Any CPU
		{445EF4DB-3A85-41F8-91D7-0F4C0B2E6F32}.Debug|Any CPU.Build.0 = Debug|Any CPU
		{445EF4DB-3A85-41F8-91D7-0F4C0B2E6F32}.Release|Any CPU.ActiveCfg = Release|Any CPU
		{445EF4DB-3A85-41F8-91D7-0F4C0B2E6F32}.Release|Any CPU.Build.0 = Release|Any CPU
	EndGlobalSection
	GlobalSection(SolutionProperties) = preSolution
		HideSolutionNode = FALSE
	EndGlobalSection
	GlobalSection(ExtensibilityGlobals) = postSolution
		SolutionGuid = {E008BEB1-3A9B-4525-842F-85B96FF568F6}
	EndGlobalSection
EndGlobal
