
Microsoft Visual Studio Solution File, Format Version 12.00
# Visual Studio Version 17
VisualStudioVersion = 17.4.33103.184
MinimumVisualStudioVersion = 10.0.40219.1
Project("{FAE04EC0-301F-11D3-BF4B-00C04F79EFBC}") = "WebApplicationDbFirst", "WebApplicationDbFirst\WebApplicationDbFirst.csproj", "{01065B24-6D42-4736-A84C-5E54566CAF5B}"
EndProject
Global
	GlobalSection(SolutionConfigurationPlatforms) = preSolution
		Debug|Any CPU = Debug|Any CPU
		Release|Any CPU = Release|Any CPU
	EndGlobalSection
	GlobalSection(ProjectConfigurationPlatforms) = postSolution
		{01065B24-6D42-4736-A84C-5E54566CAF5B}.Debug|Any CPU.ActiveCfg = Debug|Any CPU
		{01065B24-6D42-4736-A84C-5E54566CAF5B}.Debug|Any CPU.Build.0 = Debug|Any CPU
		{01065B24-6D42-4736-A84C-5E54566CAF5B}.Release|Any CPU.ActiveCfg = Release|Any CPU
		{01065B24-6D42-4736-A84C-5E54566CAF5B}.Release|Any CPU.Build.0 = Release|Any CPU
	EndGlobalSection
	GlobalSection(SolutionProperties) = preSolution
		HideSolutionNode = FALSE
	EndGlobalSection
	GlobalSection(ExtensibilityGlobals) = postSolution
		SolutionGuid = {20047759-FE07-448D-BC8F-B981F68F36E4}
	EndGlobalSection
EndGlobal
